// !$*UTF8*$!
{
	archiveVersion = 1;
	classes = {
	};
	objectVersion = 56;
	objects = {

/* Begin PBXBuildFile section */
		7E079FF32A39F4D900C622EF /* API.swift in Sources */ = {isa = PBXBuildFile; fileRef = 7E079FF22A39F4D800C622EF /* API.swift */; };
		7E079FF52A39F4EF00C622EF /* Main.swift in Sources */ = {isa = PBXBuildFile; fileRef = 7E079FF42A39F4EF00C622EF /* Main.swift */; };
		7E079FF72A39F52100C622EF /* MainView.swift in Sources */ = {isa = PBXBuildFile; fileRef = 7E079FF62A39F52000C622EF /* MainView.swift */; };
		7E65599C2A36FDAC00000EA5 /* CategoryView.swift in Sources */ = {isa = PBXBuildFile; fileRef = 7E65599B2A36FDAC00000EA5 /* CategoryView.swift */; };
		7E65599E2A3761B600000EA5 /* GeneratedWordsView.swift in Sources */ = {isa = PBXBuildFile; fileRef = 7E65599D2A3761B600000EA5 /* GeneratedWordsView.swift */; };
		7E6559A12A379D5000000EA5 /* SentencesView.swift in Sources */ = {isa = PBXBuildFile; fileRef = 7E6559A02A379D5000000EA5 /* SentencesView.swift */; };
		7E6559A32A37ABBF00000EA5 /* HistoryView.swift in Sources */ = {isa = PBXBuildFile; fileRef = 7E6559A22A37ABBF00000EA5 /* HistoryView.swift */; };
		7EFBF9422A35143000E307A7 /* AIEnglishApp.swift in Sources */ = {isa = PBXBuildFile; fileRef = 7EFBF9412A35143000E307A7 /* AIEnglishApp.swift */; };
		7EFBF9442A35143000E307A7 /* ContentView.swift in Sources */ = {isa = PBXBuildFile; fileRef = 7EFBF9432A35143000E307A7 /* ContentView.swift */; };
		7EFBF9462A35143100E307A7 /* Assets.xcassets in Resources */ = {isa = PBXBuildFile; fileRef = 7EFBF9452A35143100E307A7 /* Assets.xcassets */; };
		7EFBF9492A35143100E307A7 /* Preview Assets.xcassets in Resources */ = {isa = PBXBuildFile; fileRef = 7EFBF9482A35143100E307A7 /* Preview Assets.xcassets */; };
		7EFBF9542A351C8300E307A7 /* PushSettingsView.swift in Sources */ = {isa = PBXBuildFile; fileRef = 7EFBF9532A351C8300E307A7 /* PushSettingsView.swift */; };
		7EFBF9592A36139300E307A7 /* ConversationView.swift in Sources */ = {isa = PBXBuildFile; fileRef = 7EFBF9582A36139300E307A7 /* ConversationView.swift */; };
		7EFBF95D2A3614A600E307A7 /* SettingsView.swift in Sources */ = {isa = PBXBuildFile; fileRef = 7EFBF95C2A3614A600E307A7 /* SettingsView.swift */; };
		7EFBF9612A36339A00E307A7 /* NotificationHandler.swift in Sources */ = {isa = PBXBuildFile; fileRef = 7EFBF9602A36339A00E307A7 /* NotificationHandler.swift */; };
/* End PBXBuildFile section */

/* Begin PBXFileReference section */
		7E079FF22A39F4D800C622EF /* API.swift */ = {isa = PBXFileReference; fileEncoding = 4; lastKnownFileType = sourcecode.swift; path = API.swift; sourceTree = "<group>"; };
		7E079FF42A39F4EF00C622EF /* Main.swift */ = {isa = PBXFileReference; fileEncoding = 4; lastKnownFileType = sourcecode.swift; path = Main.swift; sourceTree = "<group>"; };
		7E079FF62A39F52000C622EF /* MainView.swift */ = {isa = PBXFileReference; fileEncoding = 4; lastKnownFileType = sourcecode.swift; path = MainView.swift; sourceTree = "<group>"; };
		7E65599B2A36FDAC00000EA5 /* CategoryView.swift */ = {isa = PBXFileReference; lastKnownFileType = sourcecode.swift; path = CategoryView.swift; sourceTree = "<group>"; };
		7E65599D2A3761B600000EA5 /* GeneratedWordsView.swift */ = {isa = PBXFileReference; lastKnownFileType = sourcecode.swift; path = GeneratedWordsView.swift; sourceTree = "<group>"; };
		7E6559A02A379D5000000EA5 /* SentencesView.swift */ = {isa = PBXFileReference; lastKnownFileType = sourcecode.swift; path = SentencesView.swift; sourceTree = "<group>"; };
		7E6559A22A37ABBF00000EA5 /* HistoryView.swift */ = {isa = PBXFileReference; lastKnownFileType = sourcecode.swift; path = HistoryView.swift; sourceTree = "<group>"; };
		7EFBF93E2A35143000E307A7 /* AIEnglish.app */ = {isa = PBXFileReference; explicitFileType = wrapper.application; includeInIndex = 0; path = AIEnglish.app; sourceTree = BUILT_PRODUCTS_DIR; };
		7EFBF9412A35143000E307A7 /* AIEnglishApp.swift */ = {isa = PBXFileReference; lastKnownFileType = sourcecode.swift; path = AIEnglishApp.swift; sourceTree = "<group>"; };
		7EFBF9432A35143000E307A7 /* ContentView.swift */ = {isa = PBXFileReference; lastKnownFileType = sourcecode.swift; path = ContentView.swift; sourceTree = "<group>"; };
		7EFBF9452A35143100E307A7 /* Assets.xcassets */ = {isa = PBXFileReference; lastKnownFileType = folder.assetcatalog; path = Assets.xcassets; sourceTree = "<group>"; };
		7EFBF9482A35143100E307A7 /* Preview Assets.xcassets */ = {isa = PBXFileReference; lastKnownFileType = folder.assetcatalog; path = "Preview Assets.xcassets"; sourceTree = "<group>"; };
		7EFBF9532A351C8300E307A7 /* PushSettingsView.swift */ = {isa = PBXFileReference; lastKnownFileType = sourcecode.swift; path = PushSettingsView.swift; sourceTree = "<group>"; };
		7EFBF9582A36139300E307A7 /* ConversationView.swift */ = {isa = PBXFileReference; lastKnownFileType = sourcecode.swift; path = ConversationView.swift; sourceTree = "<group>"; };
		7EFBF95C2A3614A600E307A7 /* SettingsView.swift */ = {isa = PBXFileReference; lastKnownFileType = sourcecode.swift; path = SettingsView.swift; sourceTree = "<group>"; };
		7EFBF9602A36339A00E307A7 /* NotificationHandler.swift */ = {isa = PBXFileReference; lastKnownFileType = sourcecode.swift; path = NotificationHandler.swift; sourceTree = "<group>"; };
/* End PBXFileReference section */

/* Begin PBXFrameworksBuildPhase section */
		7EFBF93B2A35143000E307A7 /* Frameworks */ = {
			isa = PBXFrameworksBuildPhase;
			buildActionMask = 2147483647;
			files = (
			);
			runOnlyForDeploymentPostprocessing = 0;
		};
/* End PBXFrameworksBuildPhase section */

/* Begin PBXGroup section */
		7E079FF12A39F4D800C622EF /* API */ = {
			isa = PBXGroup;
			children = (
				7E079FF22A39F4D800C622EF /* API.swift */,
			);
			path = API;
			sourceTree = "<group>";
		};
		7E079FF82A39F5AA00C622EF /* Main */ = {
			isa = PBXGroup;
			children = (
				7E079FF62A39F52000C622EF /* MainView.swift */,
				7E079FF42A39F4EF00C622EF /* Main.swift */,
			);
			path = Main;
			sourceTree = "<group>";
		};
		7EFBF9352A35143000E307A7 = {
			isa = PBXGroup;
			children = (
				7EFBF9402A35143000E307A7 /* AIEnglish */,
				7EFBF93F2A35143000E307A7 /* Products */,
			);
			sourceTree = "<group>";
		};
		7EFBF93F2A35143000E307A7 /* Products */ = {
			isa = PBXGroup;
			children = (
				7EFBF93E2A35143000E307A7 /* AIEnglish.app */,
			);
			name = Products;
			sourceTree = "<group>";
		};
		7EFBF9402A35143000E307A7 /* AIEnglish */ = {
			isa = PBXGroup;
			children = (
				7E079FF82A39F5AA00C622EF /* Main */,
				7EFBF95E2A3632DF00E307A7 /* Handlers */,
				7EFBF9572A3612F500E307A7 /* Views */,
				7EFBF9412A35143000E307A7 /* AIEnglishApp.swift */,
				7EFBF9532A351C8300E307A7 /* PushSettingsView.swift */,
				7EFBF9452A35143100E307A7 /* Assets.xcassets */,
				7EFBF9472A35143100E307A7 /* Preview Content */,
			);
			path = AIEnglish;
			sourceTree = "<group>";
		};
		7EFBF9472A35143100E307A7 /* Preview Content */ = {
			isa = PBXGroup;
			children = (
				7EFBF9482A35143100E307A7 /* Preview Assets.xcassets */,
			);
			path = "Preview Content";
			sourceTree = "<group>";
		};
		7EFBF9572A3612F500E307A7 /* Views */ = {
			isa = PBXGroup;
			children = (
				7E079FF12A39F4D800C622EF /* API */,
				7E6559A02A379D5000000EA5 /* SentencesView.swift */,
				7EFBF9432A35143000E307A7 /* ContentView.swift */,
				7EFBF9582A36139300E307A7 /* ConversationView.swift */,
				7E6559A22A37ABBF00000EA5 /* HistoryView.swift */,
				7E65599D2A3761B600000EA5 /* GeneratedWordsView.swift */,
				7E65599B2A36FDAC00000EA5 /* CategoryView.swift */,
				7EFBF95C2A3614A600E307A7 /* SettingsView.swift */,
			);
			path = Views;
			sourceTree = "<group>";
		};
		7EFBF95E2A3632DF00E307A7 /* Handlers */ = {
			isa = PBXGroup;
			children = (
				7EFBF9602A36339A00E307A7 /* NotificationHandler.swift */,
			);
			path = Handlers;
			sourceTree = "<group>";
		};
/* End PBXGroup section */

/* Begin PBXNativeTarget section */
		7EFBF93D2A35143000E307A7 /* AIEnglish */ = {
			isa = PBXNativeTarget;
			buildConfigurationList = 7EFBF94C2A35143100E307A7 /* Build configuration list for PBXNativeTarget "AIEnglish" */;
			buildPhases = (
				7EFBF93A2A35143000E307A7 /* Sources */,
				7EFBF93B2A35143000E307A7 /* Frameworks */,
				7EFBF93C2A35143000E307A7 /* Resources */,
			);
			buildRules = (
			);
			dependencies = (
			);
			name = AIEnglish;
			productName = AIEnglish;
			productReference = 7EFBF93E2A35143000E307A7 /* AIEnglish.app */;
			productType = "com.apple.product-type.application";
		};
/* End PBXNativeTarget section */

/* Begin PBXProject section */
		7EFBF9362A35143000E307A7 /* Project object */ = {
			isa = PBXProject;
			attributes = {
				BuildIndependentTargetsInParallel = 1;
				LastSwiftUpdateCheck = 1430;
				LastUpgradeCheck = 1430;
				TargetAttributes = {
					7EFBF93D2A35143000E307A7 = {
						CreatedOnToolsVersion = 14.3.1;
					};
				};
			};
			buildConfigurationList = 7EFBF9392A35143000E307A7 /* Build configuration list for PBXProject "AIEnglish" */;
			compatibilityVersion = "Xcode 14.0";
			developmentRegion = en;
			hasScannedForEncodings = 0;
			knownRegions = (
				en,
				Base,
			);
			mainGroup = 7EFBF9352A35143000E307A7;
			productRefGroup = 7EFBF93F2A35143000E307A7 /* Products */;
			projectDirPath = "";
			projectRoot = "";
			targets = (
				7EFBF93D2A35143000E307A7 /* AIEnglish */,
			);
		};
/* End PBXProject section */

/* Begin PBXResourcesBuildPhase section */
		7EFBF93C2A35143000E307A7 /* Resources */ = {
			isa = PBXResourcesBuildPhase;
			buildActionMask = 2147483647;
			files = (
				7EFBF9492A35143100E307A7 /* Preview Assets.xcassets in Resources */,
				7EFBF9462A35143100E307A7 /* Assets.xcassets in Resources */,
			);
			runOnlyForDeploymentPostprocessing = 0;
		};
/* End PBXResourcesBuildPhase section */

/* Begin PBXSourcesBuildPhase section */
		7EFBF93A2A35143000E307A7 /* Sources */ = {
			isa = PBXSourcesBuildPhase;
			buildActionMask = 2147483647;
			files = (
				7E079FF52A39F4EF00C622EF /* Main.swift in Sources */,
				7EFBF9442A35143000E307A7 /* ContentView.swift in Sources */,
				7EFBF9612A36339A00E307A7 /* NotificationHandler.swift in Sources */,
				7EFBF95D2A3614A600E307A7 /* SettingsView.swift in Sources */,
				7EFBF9542A351C8300E307A7 /* PushSettingsView.swift in Sources */,
				7E6559A32A37ABBF00000EA5 /* HistoryView.swift in Sources */,
				7E65599C2A36FDAC00000EA5 /* CategoryView.swift in Sources */,
				7E079FF32A39F4D900C622EF /* API.swift in Sources */,
				7E65599E2A3761B600000EA5 /* GeneratedWordsView.swift in Sources */,
				7E079FF72A39F52100C622EF /* MainView.swift in Sources */,
				7EFBF9422A35143000E307A7 /* AIEnglishApp.swift in Sources */,
				7E6559A12A379D5000000EA5 /* SentencesView.swift in Sources */,
				7EFBF9592A36139300E307A7 /* ConversationView.swift in Sources */,
			);
			runOnlyForDeploymentPostprocessing = 0;
		};
/* End PBXSourcesBuildPhase section */

/* Begin XCBuildConfiguration section */
		7EFBF94A2A35143100E307A7 /* Debug */ = {
			isa = XCBuildConfiguration;
			buildSettings = {
				ALWAYS_SEARCH_USER_PATHS = NO;
				CLANG_ANALYZER_NONNULL = YES;
				CLANG_ANALYZER_NUMBER_OBJECT_CONVERSION = YES_AGGRESSIVE;
				CLANG_CXX_LANGUAGE_STANDARD = "gnu++20";
				CLANG_ENABLE_MODULES = YES;
				CLANG_ENABLE_OBJC_ARC = YES;
				CLANG_ENABLE_OBJC_WEAK = YES;
				CLANG_WARN_BLOCK_CAPTURE_AUTORELEASING = YES;
				CLANG_WARN_BOOL_CONVERSION = YES;
				CLANG_WARN_COMMA = YES;
				CLANG_WARN_CONSTANT_CONVERSION = YES;
				CLANG_WARN_DEPRECATED_OBJC_IMPLEMENTATIONS = YES;
				CLANG_WARN_DIRECT_OBJC_ISA_USAGE = YES_ERROR;
				CLANG_WARN_DOCUMENTATION_COMMENTS = YES;
				CLANG_WARN_EMPTY_BODY = YES;
				CLANG_WARN_ENUM_CONVERSION = YES;
				CLANG_WARN_INFINITE_RECURSION = YES;
				CLANG_WARN_INT_CONVERSION = YES;
				CLANG_WARN_NON_LITERAL_NULL_CONVERSION = YES;
				CLANG_WARN_OBJC_IMPLICIT_RETAIN_SELF = YES;
				CLANG_WARN_OBJC_LITERAL_CONVERSION = YES;
				CLANG_WARN_OBJC_ROOT_CLASS = YES_ERROR;
				CLANG_WARN_QUOTED_INCLUDE_IN_FRAMEWORK_HEADER = YES;
				CLANG_WARN_RANGE_LOOP_ANALYSIS = YES;
				CLANG_WARN_STRICT_PROTOTYPES = YES;
				CLANG_WARN_SUSPICIOUS_MOVE = YES;
				CLANG_WARN_UNGUARDED_AVAILABILITY = YES_AGGRESSIVE;
				CLANG_WARN_UNREACHABLE_CODE = YES;
				CLANG_WARN__DUPLICATE_METHOD_MATCH = YES;
				COPY_PHASE_STRIP = NO;
				DEBUG_INFORMATION_FORMAT = dwarf;
				ENABLE_STRICT_OBJC_MSGSEND = YES;
				ENABLE_TESTABILITY = YES;
				GCC_C_LANGUAGE_STANDARD = gnu11;
				GCC_DYNAMIC_NO_PIC = NO;
				GCC_NO_COMMON_BLOCKS = YES;
				GCC_OPTIMIZATION_LEVEL = 0;
				GCC_PREPROCESSOR_DEFINITIONS = (
					"DEBUG=1",
					"$(inherited)",
				);
				GCC_WARN_64_TO_32_BIT_CONVERSION = YES;
				GCC_WARN_ABOUT_RETURN_TYPE = YES_ERROR;
				GCC_WARN_UNDECLARED_SELECTOR = YES;
				GCC_WARN_UNINITIALIZED_AUTOS = YES_AGGRESSIVE;
				GCC_WARN_UNUSED_FUNCTION = YES;
				GCC_WARN_UNUSED_VARIABLE = YES;
				IPHONEOS_DEPLOYMENT_TARGET = 16.4;
				MTL_ENABLE_DEBUG_INFO = INCLUDE_SOURCE;
				MTL_FAST_MATH = YES;
				ONLY_ACTIVE_ARCH = YES;
				SDKROOT = iphoneos;
				SWIFT_ACTIVE_COMPILATION_CONDITIONS = DEBUG;
				SWIFT_OPTIMIZATION_LEVEL = "-Onone";
			};
			name = Debug;
		};
		7EFBF94B2A35143100E307A7 /* Release */ = {
			isa = XCBuildConfiguration;
			buildSettings = {
				ALWAYS_SEARCH_USER_PATHS = NO;
				CLANG_ANALYZER_NONNULL = YES;
				CLANG_ANALYZER_NUMBER_OBJECT_CONVERSION = YES_AGGRESSIVE;
				CLANG_CXX_LANGUAGE_STANDARD = "gnu++20";
				CLANG_ENABLE_MODULES = YES;
				CLANG_ENABLE_OBJC_ARC = YES;
				CLANG_ENABLE_OBJC_WEAK = YES;
				CLANG_WARN_BLOCK_CAPTURE_AUTORELEASING = YES;
				CLANG_WARN_BOOL_CONVERSION = YES;
				CLANG_WARN_COMMA = YES;
				CLANG_WARN_CONSTANT_CONVERSION = YES;
				CLANG_WARN_DEPRECATED_OBJC_IMPLEMENTATIONS = YES;
				CLANG_WARN_DIRECT_OBJC_ISA_USAGE = YES_ERROR;
				CLANG_WARN_DOCUMENTATION_COMMENTS = YES;
				CLANG_WARN_EMPTY_BODY = YES;
				CLANG_WARN_ENUM_CONVERSION = YES;
				CLANG_WARN_INFINITE_RECURSION = YES;
				CLANG_WARN_INT_CONVERSION = YES;
				CLANG_WARN_NON_LITERAL_NULL_CONVERSION = YES;
				CLANG_WARN_OBJC_IMPLICIT_RETAIN_SELF = YES;
				CLANG_WARN_OBJC_LITERAL_CONVERSION = YES;
				CLANG_WARN_OBJC_ROOT_CLASS = YES_ERROR;
				CLANG_WARN_QUOTED_INCLUDE_IN_FRAMEWORK_HEADER = YES;
				CLANG_WARN_RANGE_LOOP_ANALYSIS = YES;
				CLANG_WARN_STRICT_PROTOTYPES = YES;
				CLANG_WARN_SUSPICIOUS_MOVE = YES;
				CLANG_WARN_UNGUARDED_AVAILABILITY = YES_AGGRESSIVE;
				CLANG_WARN_UNREACHABLE_CODE = YES;
				CLANG_WARN__DUPLICATE_METHOD_MATCH = YES;
				COPY_PHASE_STRIP = NO;
				DEBUG_INFORMATION_FORMAT = "dwarf-with-dsym";
				ENABLE_NS_ASSERTIONS = NO;
				ENABLE_STRICT_OBJC_MSGSEND = YES;
				GCC_C_LANGUAGE_STANDARD = gnu11;
				GCC_NO_COMMON_BLOCKS = YES;
				GCC_WARN_64_TO_32_BIT_CONVERSION = YES;
				GCC_WARN_ABOUT_RETURN_TYPE = YES_ERROR;
				GCC_WARN_UNDECLARED_SELECTOR = YES;
				GCC_WARN_UNINITIALIZED_AUTOS = YES_AGGRESSIVE;
				GCC_WARN_UNUSED_FUNCTION = YES;
				GCC_WARN_UNUSED_VARIABLE = YES;
				IPHONEOS_DEPLOYMENT_TARGET = 16.4;
				MTL_ENABLE_DEBUG_INFO = NO;
				MTL_FAST_MATH = YES;
				SDKROOT = iphoneos;
				SWIFT_COMPILATION_MODE = wholemodule;
				SWIFT_OPTIMIZATION_LEVEL = "-O";
				VALIDATE_PRODUCT = YES;
			};
			name = Release;
		};
		7EFBF94D2A35143100E307A7 /* Debug */ = {
			isa = XCBuildConfiguration;
			buildSettings = {
				ASSETCATALOG_COMPILER_APPICON_NAME = AppIcon;
				ASSETCATALOG_COMPILER_GLOBAL_ACCENT_COLOR_NAME = AccentColor;
				CODE_SIGN_STYLE = Automatic;
				CURRENT_PROJECT_VERSION = 1;
				DEVELOPMENT_ASSET_PATHS = "\"AIEnglish/Preview Content\"";
				DEVELOPMENT_TEAM = 94326SCGW9;
				ENABLE_PREVIEWS = YES;
				GENERATE_INFOPLIST_FILE = YES;
				INFOPLIST_KEY_UIApplicationSceneManifest_Generation = YES;
				INFOPLIST_KEY_UIApplicationSupportsIndirectInputEvents = YES;
				INFOPLIST_KEY_UILaunchScreen_Generation = YES;
				INFOPLIST_KEY_UISupportedInterfaceOrientations_iPad = "UIInterfaceOrientationPortrait UIInterfaceOrientationPortraitUpsideDown UIInterfaceOrientationLandscapeLeft UIInterfaceOrientationLandscapeRight";
				INFOPLIST_KEY_UISupportedInterfaceOrientations_iPhone = "UIInterfaceOrientationPortrait UIInterfaceOrientationLandscapeLeft UIInterfaceOrientationLandscapeRight";
				LD_RUNPATH_SEARCH_PATHS = (
					"$(inherited)",
					"@executable_path/Frameworks",
				);
				MARKETING_VERSION = 1.0;
				PRODUCT_BUNDLE_IDENTIFIER = lvv117.AIEnglish;
				PRODUCT_NAME = "$(TARGET_NAME)";
				SWIFT_EMIT_LOC_STRINGS = YES;
				SWIFT_VERSION = 5.0;
				TARGETED_DEVICE_FAMILY = "1,2";
			};
			name = Debug;
		};
		7EFBF94E2A35143100E307A7 /* Release */ = {
			isa = XCBuildConfiguration;
			buildSettings = {
				ASSETCATALOG_COMPILER_APPICON_NAME = AppIcon;
				ASSETCATALOG_COMPILER_GLOBAL_ACCENT_COLOR_NAME = AccentColor;
				CODE_SIGN_STYLE = Automatic;
				CURRENT_PROJECT_VERSION = 1;
				DEVELOPMENT_ASSET_PATHS = "\"AIEnglish/Preview Content\"";
				DEVELOPMENT_TEAM = 94326SCGW9;
				ENABLE_PREVIEWS = YES;
				GENERATE_INFOPLIST_FILE = YES;
				INFOPLIST_KEY_UIApplicationSceneManifest_Generation = YES;
				INFOPLIST_KEY_UIApplicationSupportsIndirectInputEvents = YES;
				INFOPLIST_KEY_UILaunchScreen_Generation = YES;
				INFOPLIST_KEY_UISupportedInterfaceOrientations_iPad = "UIInterfaceOrientationPortrait UIInterfaceOrientationPortraitUpsideDown UIInterfaceOrientationLandscapeLeft UIInterfaceOrientationLandscapeRight";
				INFOPLIST_KEY_UISupportedInterfaceOrientations_iPhone = "UIInterfaceOrientationPortrait UIInterfaceOrientationLandscapeLeft UIInterfaceOrientationLandscapeRight";
				LD_RUNPATH_SEARCH_PATHS = (
					"$(inherited)",
					"@executable_path/Frameworks",
				);
				MARKETING_VERSION = 1.0;
				PRODUCT_BUNDLE_IDENTIFIER = lvv117.AIEnglish;
				PRODUCT_NAME = "$(TARGET_NAME)";
				SWIFT_EMIT_LOC_STRINGS = YES;
				SWIFT_VERSION = 5.0;
				TARGETED_DEVICE_FAMILY = "1,2";
			};
			name = Release;
		};
/* End XCBuildConfiguration section */

/* Begin XCConfigurationList section */
		7EFBF9392A35143000E307A7 /* Build configuration list for PBXProject "AIEnglish" */ = {
			isa = XCConfigurationList;
			buildConfigurations = (
				7EFBF94A2A35143100E307A7 /* Debug */,
				7EFBF94B2A35143100E307A7 /* Release */,
			);
			defaultConfigurationIsVisible = 0;
			defaultConfigurationName = Release;
		};
		7EFBF94C2A35143100E307A7 /* Build configuration list for PBXNativeTarget "AIEnglish" */ = {
			isa = XCConfigurationList;
			buildConfigurations = (
				7EFBF94D2A35143100E307A7 /* Debug */,
				7EFBF94E2A35143100E307A7 /* Release */,
			);
			defaultConfigurationIsVisible = 0;
			defaultConfigurationName = Release;
		};
/* End XCConfigurationList section */
	};
	rootObject = 7EFBF9362A35143000E307A7 /* Project object */;
}
